// !$*UTF8*$!
{
	archiveVersion = 1;
	classes = {
	};
	objectVersion = 48;
	objects = {

/* Begin PBXBuildFile section */
		581110C11FB6B54C00A1B8B5 /* AppDelegate.swift in Sources */ = {isa = PBXBuildFile; fileRef = 581110C01FB6B54C00A1B8B5 /* AppDelegate.swift */; };
		581110C31FB6B54C00A1B8B5 /* ViewController.swift in Sources */ = {isa = PBXBuildFile; fileRef = 581110C21FB6B54C00A1B8B5 /* ViewController.swift */; };
		581110C61FB6B54C00A1B8B5 /* Main.storyboard in Resources */ = {isa = PBXBuildFile; fileRef = 581110C41FB6B54C00A1B8B5 /* Main.storyboard */; };
		581110C81FB6B54C00A1B8B5 /* Assets.xcassets in Resources */ = {isa = PBXBuildFile; fileRef = 581110C71FB6B54C00A1B8B5 /* Assets.xcassets */; };
		581110CB1FB6B54C00A1B8B5 /* LaunchScreen.storyboard in Resources */ = {isa = PBXBuildFile; fileRef = 581110C91FB6B54C00A1B8B5 /* LaunchScreen.storyboard */; };
		581110D61FB6B54D00A1B8B5 /* FindMyItemTests.swift in Sources */ = {isa = PBXBuildFile; fileRef = 581110D51FB6B54D00A1B8B5 /* FindMyItemTests.swift */; };
		581110E11FB6B54D00A1B8B5 /* FindMyItemUITests.swift in Sources */ = {isa = PBXBuildFile; fileRef = 581110E01FB6B54D00A1B8B5 /* FindMyItemUITests.swift */; };
/* End PBXBuildFile section */

/* Begin PBXContainerItemProxy section */
		581110D21FB6B54D00A1B8B5 /* PBXContainerItemProxy */ = {
			isa = PBXContainerItemProxy;
			containerPortal = 581110B51FB6B54C00A1B8B5 /* Project object */;
			proxyType = 1;
			remoteGlobalIDString = 581110BC1FB6B54C00A1B8B5;
			remoteInfo = FindMyItem;
		};
		581110DD1FB6B54D00A1B8B5 /* PBXContainerItemProxy */ = {
			isa = PBXContainerItemProxy;
			containerPortal = 581110B51FB6B54C00A1B8B5 /* Project object */;
			proxyType = 1;
			remoteGlobalIDString = 581110BC1FB6B54C00A1B8B5;
			remoteInfo = FindMyItem;
		};
/* End PBXContainerItemProxy section */

/* Begin PBXFileReference section */
		581110BD1FB6B54C00A1B8B5 /* FindMyItem.app */ = {isa = PBXFileReference; explicitFileType = wrapper.application; includeInIndex = 0; path = FindMyItem.app; sourceTree = BUILT_PRODUCTS_DIR; };
		581110C01FB6B54C00A1B8B5 /* AppDelegate.swift */ = {isa = PBXFileReference; lastKnownFileType = sourcecode.swift; path = AppDelegate.swift; sourceTree = "<group>"; };
		581110C21FB6B54C00A1B8B5 /* ViewController.swift */ = {isa = PBXFileReference; lastKnownFileType = sourcecode.swift; path = ViewController.swift; sourceTree = "<group>"; };
		581110C51FB6B54C00A1B8B5 /* Base */ = {isa = PBXFileReference; lastKnownFileType = file.storyboard; name = Base; path = Base.lproj/Main.storyboard; sourceTree = "<group>"; };
		581110C71FB6B54C00A1B8B5 /* Assets.xcassets */ = {isa = PBXFileReference; lastKnownFileType = folder.assetcatalog; path = Assets.xcassets; sourceTree = "<group>"; };
		581110CA1FB6B54C00A1B8B5 /* Base */ = {isa = PBXFileReference; lastKnownFileType = file.storyboard; name = Base; path = Base.lproj/LaunchScreen.storyboard; sourceTree = "<group>"; };
		581110CC1FB6B54C00A1B8B5 /* Info.plist */ = {isa = PBXFileReference; lastKnownFileType = text.plist.xml; path = Info.plist; sourceTree = "<group>"; };
		581110D11FB6B54D00A1B8B5 /* FindMyItemTests.xctest */ = {isa = PBXFileReference; explicitFileType = wrapper.cfbundle; includeInIndex = 0; path = FindMyItemTests.xctest; sourceTree = BUILT_PRODUCTS_DIR; };
		581110D51FB6B54D00A1B8B5 /* FindMyItemTests.swift */ = {isa = PBXFileReference; lastKnownFileType = sourcecode.swift; path = FindMyItemTests.swift; sourceTree = "<group>"; };
		581110D71FB6B54D00A1B8B5 /* Info.plist */ = {isa = PBXFileReference; lastKnownFileType = text.plist.xml; path = Info.plist; sourceTree = "<group>"; };
		581110DC1FB6B54D00A1B8B5 /* FindMyItemUITests.xctest */ = {isa = PBXFileReference; explicitFileType = wrapper.cfbundle; includeInIndex = 0; path = FindMyItemUITests.xctest; sourceTree = BUILT_PRODUCTS_DIR; };
		581110E01FB6B54D00A1B8B5 /* FindMyItemUITests.swift */ = {isa = PBXFileReference; lastKnownFileType = sourcecode.swift; path = FindMyItemUITests.swift; sourceTree = "<group>"; };
		581110E21FB6B54D00A1B8B5 /* Info.plist */ = {isa = PBXFileReference; lastKnownFileType = text.plist.xml; path = Info.plist; sourceTree = "<group>"; };
/* End PBXFileReference section */

/* Begin PBXFrameworksBuildPhase section */
		581110BA1FB6B54C00A1B8B5 /* Frameworks */ = {
			isa = PBXFrameworksBuildPhase;
			buildActionMask = 2147483647;
			files = (
			);
			runOnlyForDeploymentPostprocessing = 0;
		};
		581110CE1FB6B54D00A1B8B5 /* Frameworks */ = {
			isa = PBXFrameworksBuildPhase;
			buildActionMask = 2147483647;
			files = (
			);
			runOnlyForDeploymentPostprocessing = 0;
		};
		581110D91FB6B54D00A1B8B5 /* Frameworks */ = {
			isa = PBXFrameworksBuildPhase;
			buildActionMask = 2147483647;
			files = (
			);
			runOnlyForDeploymentPostprocessing = 0;
		};
/* End PBXFrameworksBuildPhase section */

/* Begin PBXGroup section */
		581110B41FB6B54C00A1B8B5 = {
			isa = PBXGroup;
			children = (
				581110BF1FB6B54C00A1B8B5 /* FindMyItem */,
				581110D41FB6B54D00A1B8B5 /* FindMyItemTests */,
				581110DF1FB6B54D00A1B8B5 /* FindMyItemUITests */,
				581110BE1FB6B54C00A1B8B5 /* Products */,
			);
			sourceTree = "<group>";
		};
		581110BE1FB6B54C00A1B8B5 /* Products */ = {
			isa = PBXGroup;
			children = (
				581110BD1FB6B54C00A1B8B5 /* FindMyItem.app */,
				581110D11FB6B54D00A1B8B5 /* FindMyItemTests.xctest */,
				581110DC1FB6B54D00A1B8B5 /* FindMyItemUITests.xctest */,
			);
			name = Products;
			sourceTree = "<group>";
		};
		581110BF1FB6B54C00A1B8B5 /* FindMyItem */ = {
			isa = PBXGroup;
			children = (
				581110C01FB6B54C00A1B8B5 /* AppDelegate.swift */,
				581110C21FB6B54C00A1B8B5 /* ViewController.swift */,
				581110C41FB6B54C00A1B8B5 /* Main.storyboard */,
				581110C71FB6B54C00A1B8B5 /* Assets.xcassets */,
				581110C91FB6B54C00A1B8B5 /* LaunchScreen.storyboard */,
				581110CC1FB6B54C00A1B8B5 /* Info.plist */,
			);
			path = FindMyItem;
			sourceTree = "<group>";
		};
		581110D41FB6B54D00A1B8B5 /* FindMyItemTests */ = {
			isa = PBXGroup;
			children = (
				581110D51FB6B54D00A1B8B5 /* FindMyItemTests.swift */,
				581110D71FB6B54D00A1B8B5 /* Info.plist */,
			);
			path = FindMyItemTests;
			sourceTree = "<group>";
		};
		581110DF1FB6B54D00A1B8B5 /* FindMyItemUITests */ = {
			isa = PBXGroup;
			children = (
				581110E01FB6B54D00A1B8B5 /* FindMyItemUITests.swift */,
				581110E21FB6B54D00A1B8B5 /* Info.plist */,
			);
			path = FindMyItemUITests;
			sourceTree = "<group>";
		};
/* End PBXGroup section */

/* Begin PBXNativeTarget section */
		581110BC1FB6B54C00A1B8B5 /* FindMyItem */ = {
			isa = PBXNativeTarget;
			buildConfigurationList = 581110E51FB6B54D00A1B8B5 /* Build configuration list for PBXNativeTarget "FindMyItem" */;
			buildPhases = (
				581110B91FB6B54C00A1B8B5 /* Sources */,
				581110BA1FB6B54C00A1B8B5 /* Frameworks */,
				581110BB1FB6B54C00A1B8B5 /* Resources */,
			);
			buildRules = (
			);
			dependencies = (
			);
			name = FindMyItem;
			productName = FindMyItem;
			productReference = 581110BD1FB6B54C00A1B8B5 /* FindMyItem.app */;
			productType = "com.apple.product-type.application";
		};
		581110D01FB6B54D00A1B8B5 /* FindMyItemTests */ = {
			isa = PBXNativeTarget;
			buildConfigurationList = 581110E81FB6B54D00A1B8B5 /* Build configuration list for PBXNativeTarget "FindMyItemTests" */;
			buildPhases = (
				581110CD1FB6B54D00A1B8B5 /* Sources */,
				581110CE1FB6B54D00A1B8B5 /* Frameworks */,
				581110CF1FB6B54D00A1B8B5 /* Resources */,
			);
			buildRules = (
			);
			dependencies = (
				581110D31FB6B54D00A1B8B5 /* PBXTargetDependency */,
			);
			name = FindMyItemTests;
			productName = FindMyItemTests;
			productReference = 581110D11FB6B54D00A1B8B5 /* FindMyItemTests.xctest */;
			productType = "com.apple.product-type.bundle.unit-test";
		};
		581110DB1FB6B54D00A1B8B5 /* FindMyItemUITests */ = {
			isa = PBXNativeTarget;
			buildConfigurationList = 581110EB1FB6B54D00A1B8B5 /* Build configuration list for PBXNativeTarget "FindMyItemUITests" */;
			buildPhases = (
				581110D81FB6B54D00A1B8B5 /* Sources */,
				581110D91FB6B54D00A1B8B5 /* Frameworks */,
				581110DA1FB6B54D00A1B8B5 /* Resources */,
			);
			buildRules = (
			);
			dependencies = (
				581110DE1FB6B54D00A1B8B5 /* PBXTargetDependency */,
			);
			name = FindMyItemUITests;
			productName = FindMyItemUITests;
			productReference = 581110DC1FB6B54D00A1B8B5 /* FindMyItemUITests.xctest */;
			productType = "com.apple.product-type.bundle.ui-testing";
		};
/* End PBXNativeTarget section */

/* Begin PBXProject section */
		581110B51FB6B54C00A1B8B5 /* Project object */ = {
			isa = PBXProject;
			attributes = {
				LastSwiftUpdateCheck = 0910;
				LastUpgradeCheck = 0910;
				ORGANIZATIONNAME = "Teddy Dubno";
				TargetAttributes = {
					581110BC1FB6B54C00A1B8B5 = {
						CreatedOnToolsVersion = 9.1;
						ProvisioningStyle = Automatic;
					};
					581110D01FB6B54D00A1B8B5 = {
						CreatedOnToolsVersion = 9.1;
						ProvisioningStyle = Automatic;
						TestTargetID = 581110BC1FB6B54C00A1B8B5;
					};
					581110DB1FB6B54D00A1B8B5 = {
						CreatedOnToolsVersion = 9.1;
						ProvisioningStyle = Automatic;
						TestTargetID = 581110BC1FB6B54C00A1B8B5;
					};
				};
			};
			buildConfigurationList = 581110B81FB6B54C00A1B8B5 /* Build configuration list for PBXProject "FindMyItem" */;
			compatibilityVersion = "Xcode 8.0";
			developmentRegion = en;
			hasScannedForEncodings = 0;
			knownRegions = (
				en,
				Base,
			);
			mainGroup = 581110B41FB6B54C00A1B8B5;
			productRefGroup = 581110BE1FB6B54C00A1B8B5 /* Products */;
			projectDirPath = "";
			projectRoot = "";
			targets = (
				581110BC1FB6B54C00A1B8B5 /* FindMyItem */,
				581110D01FB6B54D00A1B8B5 /* FindMyItemTests */,
				581110DB1FB6B54D00A1B8B5 /* FindMyItemUITests */,
			);
		};
/* End PBXProject section */

/* Begin PBXResourcesBuildPhase section */
		581110BB1FB6B54C00A1B8B5 /* Resources */ = {
			isa = PBXResourcesBuildPhase;
			buildActionMask = 2147483647;
			files = (
				581110CB1FB6B54C00A1B8B5 /* LaunchScreen.storyboard in Resources */,
				581110C81FB6B54C00A1B8B5 /* Assets.xcassets in Resources */,
				581110C61FB6B54C00A1B8B5 /* Main.storyboard in Resources */,
			);
			runOnlyForDeploymentPostprocessing = 0;
		};
		581110CF1FB6B54D00A1B8B5 /* Resources */ = {
			isa = PBXResourcesBuildPhase;
			buildActionMask = 2147483647;
			files = (
			);
			runOnlyForDeploymentPostprocessing = 0;
		};
		581110DA1FB6B54D00A1B8B5 /* Resources */ = {
			isa = PBXResourcesBuildPhase;
			buildActionMask = 2147483647;
			files = (
			);
			runOnlyForDeploymentPostprocessing = 0;
		};
/* End PBXResourcesBuildPhase section */

/* Begin PBXSourcesBuildPhase section */
		581110B91FB6B54C00A1B8B5 /* Sources */ = {
			isa = PBXSourcesBuildPhase;
			buildActionMask = 2147483647;
			files = (
				581110C31FB6B54C00A1B8B5 /* ViewController.swift in Sources */,
				581110C11FB6B54C00A1B8B5 /* AppDelegate.swift in Sources */,
			);
			runOnlyForDeploymentPostprocessing = 0;
		};
		581110CD1FB6B54D00A1B8B5 /* Sources */ = {
			isa = PBXSourcesBuildPhase;
			buildActionMask = 2147483647;
			files = (
				581110D61FB6B54D00A1B8B5 /* FindMyItemTests.swift in Sources */,
			);
			runOnlyForDeploymentPostprocessing = 0;
		};
		581110D81FB6B54D00A1B8B5 /* Sources */ = {
			isa = PBXSourcesBuildPhase;
			buildActionMask = 2147483647;
			files = (
				581110E11FB6B54D00A1B8B5 /* FindMyItemUITests.swift in Sources */,
			);
			runOnlyForDeploymentPostprocessing = 0;
		};
/* End PBXSourcesBuildPhase section */

/* Begin PBXTargetDependency section */
		581110D31FB6B54D00A1B8B5 /* PBXTargetDependency */ = {
			isa = PBXTargetDependency;
			target = 581110BC1FB6B54C00A1B8B5 /* FindMyItem */;
			targetProxy = 581110D21FB6B54D00A1B8B5 /* PBXContainerItemProxy */;
		};
		581110DE1FB6B54D00A1B8B5 /* PBXTargetDependency */ = {
			isa = PBXTargetDependency;
			target = 581110BC1FB6B54C00A1B8B5 /* FindMyItem */;
			targetProxy = 581110DD1FB6B54D00A1B8B5 /* PBXContainerItemProxy */;
		};
/* End PBXTargetDependency section */

/* Begin PBXVariantGroup section */
		581110C41FB6B54C00A1B8B5 /* Main.storyboard */ = {
			isa = PBXVariantGroup;
			children = (
				581110C51FB6B54C00A1B8B5 /* Base */,
			);
			name = Main.storyboard;
			sourceTree = "<group>";
		};
		581110C91FB6B54C00A1B8B5 /* LaunchScreen.storyboard */ = {
			isa = PBXVariantGroup;
			children = (
				581110CA1FB6B54C00A1B8B5 /* Base */,
			);
			name = LaunchScreen.storyboard;
			sourceTree = "<group>";
		};
/* End PBXVariantGroup section */

/* Begin XCBuildConfiguration section */
		581110E31FB6B54D00A1B8B5 /* Debug */ = {
			isa = XCBuildConfiguration;
			buildSettings = {
				ALWAYS_SEARCH_USER_PATHS = NO;
				CLANG_ANALYZER_NONNULL = YES;
				CLANG_ANALYZER_NUMBER_OBJECT_CONVERSION = YES_AGGRESSIVE;
				CLANG_CXX_LANGUAGE_STANDARD = "gnu++14";
				CLANG_CXX_LIBRARY = "libc++";
				CLANG_ENABLE_MODULES = YES;
				CLANG_ENABLE_OBJC_ARC = YES;
				CLANG_WARN_BLOCK_CAPTURE_AUTORELEASING = YES;
				CLANG_WARN_BOOL_CONVERSION = YES;
				CLANG_WARN_COMMA = YES;
				CLANG_WARN_CONSTANT_CONVERSION = YES;
				CLANG_WARN_DIRECT_OBJC_ISA_USAGE = YES_ERROR;
				CLANG_WARN_DOCUMENTATION_COMMENTS = YES;
				CLANG_WARN_EMPTY_BODY = YES;
				CLANG_WARN_ENUM_CONVERSION = YES;
				CLANG_WARN_INFINITE_RECURSION = YES;
				CLANG_WARN_INT_CONVERSION = YES;
				CLANG_WARN_NON_LITERAL_NULL_CONVERSION = YES;
				CLANG_WARN_OBJC_LITERAL_CONVERSION = YES;
				CLANG_WARN_OBJC_ROOT_CLASS = YES_ERROR;
				CLANG_WARN_RANGE_LOOP_ANALYSIS = YES;
				CLANG_WARN_STRICT_PROTOTYPES = YES;
				CLANG_WARN_SUSPICIOUS_MOVE = YES;
				CLANG_WARN_UNGUARDED_AVAILABILITY = YES_AGGRESSIVE;
				CLANG_WARN_UNREACHABLE_CODE = YES;
				CLANG_WARN__DUPLICATE_METHOD_MATCH = YES;
				CODE_SIGN_IDENTITY = "iPhone Developer";
				COPY_PHASE_STRIP = NO;
				DEBUG_INFORMATION_FORMAT = dwarf;
				ENABLE_STRICT_OBJC_MSGSEND = YES;
				ENABLE_TESTABILITY = YES;
				GCC_C_LANGUAGE_STANDARD = gnu11;
				GCC_DYNAMIC_NO_PIC = NO;
				GCC_NO_COMMON_BLOCKS = YES;
				GCC_OPTIMIZATION_LEVEL = 0;
				GCC_PREPROCESSOR_DEFINITIONS = (
					"DEBUG=1",
					"$(inherited)",
				);
				GCC_WARN_64_TO_32_BIT_CONVERSION = YES;
				GCC_WARN_ABOUT_RETURN_TYPE = YES_ERROR;
				GCC_WARN_UNDECLARED_SELECTOR = YES;
				GCC_WARN_UNINITIALIZED_AUTOS = YES_AGGRESSIVE;
				GCC_WARN_UNUSED_FUNCTION = YES;
				GCC_WARN_UNUSED_VARIABLE = YES;
				IPHONEOS_DEPLOYMENT_TARGET = 11.1;
				MTL_ENABLE_DEBUG_INFO = YES;
				ONLY_ACTIVE_ARCH = YES;
				SDKROOT = iphoneos;
				SWIFT_ACTIVE_COMPILATION_CONDITIONS = DEBUG;
				SWIFT_OPTIMIZATION_LEVEL = "-Onone";
			};
			name = Debug;
		};
		581110E41FB6B54D00A1B8B5 /* Release */ = {
			isa = XCBuildConfiguration;
			buildSettings = {
				ALWAYS_SEARCH_USER_PATHS = NO;
				CLANG_ANALYZER_NONNULL = YES;
				CLANG_ANALYZER_NUMBER_OBJECT_CONVERSION = YES_AGGRESSIVE;
				CLANG_CXX_LANGUAGE_STANDARD = "gnu++14";
				CLANG_CXX_LIBRARY = "libc++";
				CLANG_ENABLE_MODULES = YES;
				CLANG_ENABLE_OBJC_ARC = YES;
				CLANG_WARN_BLOCK_CAPTURE_AUTORELEASING = YES;
				CLANG_WARN_BOOL_CONVERSION = YES;
				CLANG_WARN_COMMA = YES;
				CLANG_WARN_CONSTANT_CONVERSION = YES;
				CLANG_WARN_DIRECT_OBJC_ISA_USAGE = YES_ERROR;
				CLANG_WARN_DOCUMENTATION_COMMENTS = YES;
				CLANG_WARN_EMPTY_BODY = YES;
				CLANG_WARN_ENUM_CONVERSION = YES;
				CLANG_WARN_INFINITE_RECURSION = YES;
				CLANG_WARN_INT_CONVERSION = YES;
				CLANG_WARN_NON_LITERAL_NULL_CONVERSION = YES;
				CLANG_WARN_OBJC_LITERAL_CONVERSION = YES;
				CLANG_WARN_OBJC_ROOT_CLASS = YES_ERROR;
				CLANG_WARN_RANGE_LOOP_ANALYSIS = YES;
				CLANG_WARN_STRICT_PROTOTYPES = YES;
				CLANG_WARN_SUSPICIOUS_MOVE = YES;
				CLANG_WARN_UNGUARDED_AVAILABILITY = YES_AGGRESSIVE;
				CLANG_WARN_UNREACHABLE_CODE = YES;
				CLANG_WARN__DUPLICATE_METHOD_MATCH = YES;
				CODE_SIGN_IDENTITY = "iPhone Developer";
				COPY_PHASE_STRIP = NO;
				DEBUG_INFORMATION_FORMAT = "dwarf-with-dsym";
				ENABLE_NS_ASSERTIONS = NO;
				ENABLE_STRICT_OBJC_MSGSEND = YES;
				GCC_C_LANGUAGE_STANDARD = gnu11;
				GCC_NO_COMMON_BLOCKS = YES;
				GCC_WARN_64_TO_32_BIT_CONVERSION = YES;
				GCC_WARN_ABOUT_RETURN_TYPE = YES_ERROR;
				GCC_WARN_UNDECLARED_SELECTOR = YES;
				GCC_WARN_UNINITIALIZED_AUTOS = YES_AGGRESSIVE;
				GCC_WARN_UNUSED_FUNCTION = YES;
				GCC_WARN_UNUSED_VARIABLE = YES;
				IPHONEOS_DEPLOYMENT_TARGET = 11.1;
				MTL_ENABLE_DEBUG_INFO = NO;
				SDKROOT = iphoneos;
				SWIFT_OPTIMIZATION_LEVEL = "-Owholemodule";
				VALIDATE_PRODUCT = YES;
			};
			name = Release;
		};
		581110E61FB6B54D00A1B8B5 /* Debug */ = {
			isa = XCBuildConfiguration;
			buildSettings = {
				ASSETCATALOG_COMPILER_APPICON_NAME = AppIcon;
				CODE_SIGN_STYLE = Automatic;
				DEVELOPMENT_TEAM = GA8M68V5EJ;
				INFOPLIST_FILE = FindMyItem/Info.plist;
				LD_RUNPATH_SEARCH_PATHS = "$(inherited) @executable_path/Frameworks";
				PRODUCT_BUNDLE_IDENTIFIER = TeddyDubno.FindMyItem;
				PRODUCT_NAME = "$(TARGET_NAME)";
				SWIFT_VERSION = 4.0;
				TARGETED_DEVICE_FAMILY = "1,2";
			};
			name = Debug;
		};
		581110E71FB6B54D00A1B8B5 /* Release */ = {
			isa = XCBuildConfiguration;
			buildSettings = {
				ASSETCATALOG_COMPILER_APPICON_NAME = AppIcon;
				CODE_SIGN_STYLE = Automatic;
				DEVELOPMENT_TEAM = GA8M68V5EJ;
				INFOPLIST_FILE = FindMyItem/Info.plist;
				LD_RUNPATH_SEARCH_PATHS = "$(inherited) @executable_path/Frameworks";
				PRODUCT_BUNDLE_IDENTIFIER = TeddyDubno.FindMyItem;
				PRODUCT_NAME = "$(TARGET_NAME)";
				SWIFT_VERSION = 4.0;
				TARGETED_DEVICE_FAMILY = "1,2";
			};
			name = Release;
		};
		581110E91FB6B54D00A1B8B5 /* Debug */ = {
			isa = XCBuildConfiguration;
			buildSettings = {
				ALWAYS_EMBED_SWIFT_STANDARD_LIBRARIES = YES;
				BUNDLE_LOADER = "$(TEST_HOST)";
				CODE_SIGN_STYLE = Automatic;
				DEVELOPMENT_TEAM = GA8M68V5EJ;
				INFOPLIST_FILE = FindMyItemTests/Info.plist;
				LD_RUNPATH_SEARCH_PATHS = "$(inherited) @executable_path/Frameworks @loader_path/Frameworks";
				PRODUCT_BUNDLE_IDENTIFIER = TeddyDubno.FindMyItemTests;
				PRODUCT_NAME = "$(TARGET_NAME)";
				SWIFT_VERSION = 4.0;
				TARGETED_DEVICE_FAMILY = "1,2";
				TEST_HOST = "$(BUILT_PRODUCTS_DIR)/FindMyItem.app/FindMyItem";
			};
			name = Debug;
		};
		581110EA1FB6B54D00A1B8B5 /* Release */ = {
			isa = XCBuildConfiguration;
			buildSettings = {
				ALWAYS_EMBED_SWIFT_STANDARD_LIBRARIES = YES;
				BUNDLE_LOADER = "$(TEST_HOST)";
				CODE_SIGN_STYLE = Automatic;
				DEVELOPMENT_TEAM = GA8M68V5EJ;
				INFOPLIST_FILE = FindMyItemTests/Info.plist;
				LD_RUNPATH_SEARCH_PATHS = "$(inherited) @executable_path/Frameworks @loader_path/Frameworks";
				PRODUCT_BUNDLE_IDENTIFIER = TeddyDubno.FindMyItemTests;
				PRODUCT_NAME = "$(TARGET_NAME)";
				SWIFT_VERSION = 4.0;
				TARGETED_DEVICE_FAMILY = "1,2";
				TEST_HOST = "$(BUILT_PRODUCTS_DIR)/FindMyItem.app/FindMyItem";
			};
			name = Release;
		};
		581110EC1FB6B54D00A1B8B5 /* Debug */ = {
			isa = XCBuildConfiguration;
			buildSettings = {
				ALWAYS_EMBED_SWIFT_STANDARD_LIBRARIES = YES;
				CODE_SIGN_STYLE = Automatic;
				DEVELOPMENT_TEAM = GA8M68V5EJ;
				INFOPLIST_FILE = FindMyItemUITests/Info.plist;
				LD_RUNPATH_SEARCH_PATHS = "$(inherited) @executable_path/Frameworks @loader_path/Frameworks";
				PRODUCT_BUNDLE_IDENTIFIER = TeddyDubno.FindMyItemUITests;
				PRODUCT_NAME = "$(TARGET_NAME)";
				SWIFT_VERSION = 4.0;
				TARGETED_DEVICE_FAMILY = "1,2";
				TEST_TARGET_NAME = FindMyItem;
			};
			name = Debug;
		};
		581110ED1FB6B54D00A1B8B5 /* Release */ = {
			isa = XCBuildConfiguration;
			buildSettings = {
				ALWAYS_EMBED_SWIFT_STANDARD_LIBRARIES = YES;
				CODE_SIGN_STYLE = Automatic;
				DEVELOPMENT_TEAM = GA8M68V5EJ;
				INFOPLIST_FILE = FindMyItemUITests/Info.plist;
				LD_RUNPATH_SEARCH_PATHS = "$(inherited) @executable_path/Frameworks @loader_path/Frameworks";
				PRODUCT_BUNDLE_IDENTIFIER = TeddyDubno.FindMyItemUITests;
				PRODUCT_NAME = "$(TARGET_NAME)";
				SWIFT_VERSION = 4.0;
				TARGETED_DEVICE_FAMILY = "1,2";
				TEST_TARGET_NAME = FindMyItem;
			};
			name = Release;
		};
/* End XCBuildConfiguration section */

/* Begin XCConfigurationList section */
		581110B81FB6B54C00A1B8B5 /* Build configuration list for PBXProject "FindMyItem" */ = {
			isa = XCConfigurationList;
			buildConfigurations = (
				581110E31FB6B54D00A1B8B5 /* Debug */,
				581110E41FB6B54D00A1B8B5 /* Release */,
			);
			defaultConfigurationIsVisible = 0;
			defaultConfigurationName = Release;
		};
		581110E51FB6B54D00A1B8B5 /* Build configuration list for PBXNativeTarget "FindMyItem" */ = {
			isa = XCConfigurationList;
			buildConfigurations = (
				581110E61FB6B54D00A1B8B5 /* Debug */,
				581110E71FB6B54D00A1B8B5 /* Release */,
			);
			defaultConfigurationIsVisible = 0;
			defaultConfigurationName = Release;
		};
		581110E81FB6B54D00A1B8B5 /* Build configuration list for PBXNativeTarget "FindMyItemTests" */ = {
			isa = XCConfigurationList;
			buildConfigurations = (
				581110E91FB6B54D00A1B8B5 /* Debug */,
				581110EA1FB6B54D00A1B8B5 /* Release */,
			);
			defaultConfigurationIsVisible = 0;
			defaultConfigurationName = Release;
		};
		581110EB1FB6B54D00A1B8B5 /* Build configuration list for PBXNativeTarget "FindMyItemUITests" */ = {
			isa = XCConfigurationList;
			buildConfigurations = (
				581110EC1FB6B54D00A1B8B5 /* Debug */,
				581110ED1FB6B54D00A1B8B5 /* Release */,
			);
			defaultConfigurationIsVisible = 0;
			defaultConfigurationName = Release;
		};
/* End XCConfigurationList section */
	};
	rootObject = 581110B51FB6B54C00A1B8B5 /* Project object */;
}
